
Microsoft Visual Studio Solution File, Format Version 12.00
# Visual Studio 15
VisualStudioVersion = 15.0.28307.329
MinimumVisualStudioVersion = 10.0.40219.1
Project("{8BC9CEB8-8B4A-11D0-8D11-00A0C91BC942}") = "CPPRPG", "CPPRPG\CPPRPG.vcxproj", "{8277AFD2-7C87-490F-A5A1-10292721D5FF}"
EndProject
Global
	GlobalSection(SolutionConfigurationPlatforms) = preSolution
		Debug|x64 = Debug|x64
		Debug|x86 = Debug|x86
		Release|x64 = Release|x64
		Release|x86 = Release|x86
	EndGlobalSection
	GlobalSection(ProjectConfigurationPlatforms) = postSolution
		{8277AFD2-7C87-490F-A5A1-10292721D5FF}.Debug|x64.ActiveCfg = Debug|x64
		{8277AFD2-7C87-490F-A5A1-10292721D5FF}.Debug|x64.Build.0 = Debug|x64
		{8277AFD2-7C87-490F-A5A1-10292721D5FF}.Debug|x86.ActiveCfg = Debug|Win32
		{8277AFD2-7C87-490F-A5A1-10292721D5FF}.Debug|x86.Build.0 = Debug|Win32
		{8277AFD2-7C87-490F-A5A1-10292721D5FF}.Release|x64.ActiveCfg = Release|x64
		{8277AFD2-7C87-490F-A5A1-10292721D5FF}.Release|x64.Build.0 = Release|x64
		{8277AFD2-7C87-490F-A5A1-10292721D5FF}.Release|x86.ActiveCfg = Release|Win32
		{8277AFD2-7C87-490F-A5A1-10292721D5FF}.Release|x86.Build.0 = Release|Win32
	EndGlobalSection
	GlobalSection(SolutionProperties) = preSolution
		HideSolutionNode = FALSE
	EndGlobalSection
	GlobalSection(ExtensibilityGlobals) = postSolution
		SolutionGuid = {39F3E73A-A709-4272-A1B4-099EB523A644}
	EndGlobalSection
EndGlobal
